// !$*UTF8*$!
{
	archiveVersion = 1;
	classes = {
	};
	objectVersion = 48;
	objects = {

/* Begin PBXBuildFile section */
		E7EBBF4A207A4DA2007F7808 /* AppDelegate.swift in Sources */ = {isa = PBXBuildFile; fileRef = E7EBBF49207A4DA2007F7808 /* AppDelegate.swift */; };
		E7EBBF4C207A4DA2007F7808 /* ViewController.swift in Sources */ = {isa = PBXBuildFile; fileRef = E7EBBF4B207A4DA2007F7808 /* ViewController.swift */; };
		E7EBBF4F207A4DA2007F7808 /* Main.storyboard in Resources */ = {isa = PBXBuildFile; fileRef = E7EBBF4D207A4DA2007F7808 /* Main.storyboard */; };
		E7EBBF51207A4DA2007F7808 /* Assets.xcassets in Resources */ = {isa = PBXBuildFile; fileRef = E7EBBF50207A4DA2007F7808 /* Assets.xcassets */; };
		E7EBBF54207A4DA2007F7808 /* LaunchScreen.storyboard in Resources */ = {isa = PBXBuildFile; fileRef = E7EBBF52207A4DA2007F7808 /* LaunchScreen.storyboard */; };
		E7EBBF5C207BEA75007F7808 /* ChooseViewController.swift in Sources */ = {isa = PBXBuildFile; fileRef = E7EBBF5B207BEA75007F7808 /* ChooseViewController.swift */; };
		E7EBBF5E207BF090007F7808 /* Team.swift in Sources */ = {isa = PBXBuildFile; fileRef = E7EBBF5D207BF090007F7808 /* Team.swift */; };
		E7F9BB31208A6EF5000170BE /* BeginingVC.swift in Sources */ = {isa = PBXBuildFile; fileRef = E7F9BB30208A6EF5000170BE /* BeginingVC.swift */; };
		E7F9BB33208A75F7000170BE /* PlayVC.swift in Sources */ = {isa = PBXBuildFile; fileRef = E7F9BB32208A75F7000170BE /* PlayVC.swift */; };
		E7F9BB36208A82DD000170BE /* LastWordVC.swift in Sources */ = {isa = PBXBuildFile; fileRef = E7F9BB35208A82DD000170BE /* LastWordVC.swift */; };
		E7F9BB38208A854A000170BE /* EndOfRoundVC.swift in Sources */ = {isa = PBXBuildFile; fileRef = E7F9BB37208A854A000170BE /* EndOfRoundVC.swift */; };
		E7F9BB3A208A85DA000170BE /* EndOfGameVC.swift in Sources */ = {isa = PBXBuildFile; fileRef = E7F9BB39208A85DA000170BE /* EndOfGameVC.swift */; };
		E7F9BB3C208BE8DD000170BE /* WordTableVC.swift in Sources */ = {isa = PBXBuildFile; fileRef = E7F9BB3B208BE8DD000170BE /* WordTableVC.swift */; };
		E7FB0E262094DDF400B3CBE6 /* SettingsVC.swift in Sources */ = {isa = PBXBuildFile; fileRef = E7FB0E252094DDF400B3CBE6 /* SettingsVC.swift */; };
		E7FB0E2A2096358D00B3CBE6 /* WordsThemes.swift in Sources */ = {isa = PBXBuildFile; fileRef = E7FB0E292096358D00B3CBE6 /* WordsThemes.swift */; };
		E7FB0E2C209756AE00B3CBE6 /* Settings.swift in Sources */ = {isa = PBXBuildFile; fileRef = E7FB0E2B209756AE00B3CBE6 /* Settings.swift */; };
		E7FB0E31209767BC00B3CBE6 /* no.wav in Resources */ = {isa = PBXBuildFile; fileRef = E7FB0E2E209767BC00B3CBE6 /* no.wav */; };
		E7FB0E32209767BC00B3CBE6 /* yes.wav in Resources */ = {isa = PBXBuildFile; fileRef = E7FB0E2F209767BC00B3CBE6 /* yes.wav */; };
		E7FB0E33209767BC00B3CBE6 /* switch.wav in Resources */ = {isa = PBXBuildFile; fileRef = E7FB0E30209767BC00B3CBE6 /* switch.wav */; };
		E7FB0E352097682900B3CBE6 /* Sound.swift in Sources */ = {isa = PBXBuildFile; fileRef = E7FB0E342097682900B3CBE6 /* Sound.swift */; };
		E7FB0E372097B11400B3CBE6 /* deny.wav in Resources */ = {isa = PBXBuildFile; fileRef = E7FB0E362097B11400B3CBE6 /* deny.wav */; };
		E7FB0E392097B68300B3CBE6 /* confirm.wav in Resources */ = {isa = PBXBuildFile; fileRef = E7FB0E382097B68300B3CBE6 /* confirm.wav */; };
		E7FB0E3B2098EC1700B3CBE6 /* Word.swift in Sources */ = {isa = PBXBuildFile; fileRef = E7FB0E3A2098EC1700B3CBE6 /* Word.swift */; };
/* End PBXBuildFile section */

/* Begin PBXFileReference section */
		E7EBBF46207A4DA2007F7808 /* Alias 18.app */ = {isa = PBXFileReference; explicitFileType = wrapper.application; includeInIndex = 0; path = "Alias 18.app"; sourceTree = BUILT_PRODUCTS_DIR; };
		E7EBBF49207A4DA2007F7808 /* AppDelegate.swift */ = {isa = PBXFileReference; lastKnownFileType = sourcecode.swift; path = AppDelegate.swift; sourceTree = "<group>"; };
		E7EBBF4B207A4DA2007F7808 /* ViewController.swift */ = {isa = PBXFileReference; lastKnownFileType = sourcecode.swift; path = ViewController.swift; sourceTree = "<group>"; };
		E7EBBF4E207A4DA2007F7808 /* Base */ = {isa = PBXFileReference; lastKnownFileType = file.storyboard; name = Base; path = Base.lproj/Main.storyboard; sourceTree = "<group>"; };
		E7EBBF50207A4DA2007F7808 /* Assets.xcassets */ = {isa = PBXFileReference; lastKnownFileType = folder.assetcatalog; path = Assets.xcassets; sourceTree = "<group>"; };
		E7EBBF53207A4DA2007F7808 /* Base */ = {isa = PBXFileReference; lastKnownFileType = file.storyboard; name = Base; path = Base.lproj/LaunchScreen.storyboard; sourceTree = "<group>"; };
		E7EBBF55207A4DA2007F7808 /* Info.plist */ = {isa = PBXFileReference; lastKnownFileType = text.plist.xml; path = Info.plist; sourceTree = "<group>"; };
		E7EBBF5B207BEA75007F7808 /* ChooseViewController.swift */ = {isa = PBXFileReference; lastKnownFileType = sourcecode.swift; path = ChooseViewController.swift; sourceTree = "<group>"; };
		E7EBBF5D207BF090007F7808 /* Team.swift */ = {isa = PBXFileReference; lastKnownFileType = sourcecode.swift; path = Team.swift; sourceTree = "<group>"; };
		E7F9BB30208A6EF5000170BE /* BeginingVC.swift */ = {isa = PBXFileReference; lastKnownFileType = sourcecode.swift; path = BeginingVC.swift; sourceTree = "<group>"; };
		E7F9BB32208A75F7000170BE /* PlayVC.swift */ = {isa = PBXFileReference; lastKnownFileType = sourcecode.swift; path = PlayVC.swift; sourceTree = "<group>"; };
		E7F9BB35208A82DD000170BE /* LastWordVC.swift */ = {isa = PBXFileReference; lastKnownFileType = sourcecode.swift; path = LastWordVC.swift; sourceTree = "<group>"; };
		E7F9BB37208A854A000170BE /* EndOfRoundVC.swift */ = {isa = PBXFileReference; lastKnownFileType = sourcecode.swift; path = EndOfRoundVC.swift; sourceTree = "<group>"; };
		E7F9BB39208A85DA000170BE /* EndOfGameVC.swift */ = {isa = PBXFileReference; lastKnownFileType = sourcecode.swift; path = EndOfGameVC.swift; sourceTree = "<group>"; };
		E7F9BB3B208BE8DD000170BE /* WordTableVC.swift */ = {isa = PBXFileReference; lastKnownFileType = sourcecode.swift; path = WordTableVC.swift; sourceTree = "<group>"; };
		E7FB0E252094DDF400B3CBE6 /* SettingsVC.swift */ = {isa = PBXFileReference; lastKnownFileType = sourcecode.swift; path = SettingsVC.swift; sourceTree = "<group>"; };
		E7FB0E292096358D00B3CBE6 /* WordsThemes.swift */ = {isa = PBXFileReference; lastKnownFileType = sourcecode.swift; path = WordsThemes.swift; sourceTree = "<group>"; };
		E7FB0E2B209756AE00B3CBE6 /* Settings.swift */ = {isa = PBXFileReference; lastKnownFileType = sourcecode.swift; path = Settings.swift; sourceTree = "<group>"; };
		E7FB0E2E209767BC00B3CBE6 /* no.wav */ = {isa = PBXFileReference; lastKnownFileType = audio.wav; path = no.wav; sourceTree = "<group>"; };
		E7FB0E2F209767BC00B3CBE6 /* yes.wav */ = {isa = PBXFileReference; lastKnownFileType = audio.wav; path = yes.wav; sourceTree = "<group>"; };
		E7FB0E30209767BC00B3CBE6 /* switch.wav */ = {isa = PBXFileReference; lastKnownFileType = audio.wav; path = switch.wav; sourceTree = "<group>"; };
		E7FB0E342097682900B3CBE6 /* Sound.swift */ = {isa = PBXFileReference; lastKnownFileType = sourcecode.swift; path = Sound.swift; sourceTree = "<group>"; };
		E7FB0E362097B11400B3CBE6 /* deny.wav */ = {isa = PBXFileReference; lastKnownFileType = audio.wav; path = deny.wav; sourceTree = "<group>"; };
		E7FB0E382097B68300B3CBE6 /* confirm.wav */ = {isa = PBXFileReference; lastKnownFileType = audio.wav; path = confirm.wav; sourceTree = "<group>"; };
		E7FB0E3A2098EC1700B3CBE6 /* Word.swift */ = {isa = PBXFileReference; lastKnownFileType = sourcecode.swift; path = Word.swift; sourceTree = "<group>"; };
/* End PBXFileReference section */

/* Begin PBXFrameworksBuildPhase section */
		E7EBBF43207A4DA2007F7808 /* Frameworks */ = {
			isa = PBXFrameworksBuildPhase;
			buildActionMask = 2147483647;
			files = (
			);
			runOnlyForDeploymentPostprocessing = 0;
		};
/* End PBXFrameworksBuildPhase section */

/* Begin PBXGroup section */
		E7EBBF3D207A4DA2007F7808 = {
			isa = PBXGroup;
			children = (
				E7EBBF48207A4DA2007F7808 /* Alias 18 */,
				E7EBBF47207A4DA2007F7808 /* Products */,
			);
			sourceTree = "<group>";
		};
		E7EBBF47207A4DA2007F7808 /* Products */ = {
			isa = PBXGroup;
			children = (
				E7EBBF46207A4DA2007F7808 /* Alias 18.app */,
			);
			name = Products;
			sourceTree = "<group>";
		};
		E7EBBF48207A4DA2007F7808 /* Alias 18 */ = {
			isa = PBXGroup;
			children = (
				E7FB0E2D20975DD500B3CBE6 /* Supporting Files */,
				E7FB0E282095FC0F00B3CBE6 /* View */,
				E7FB0E272095FBEB00B3CBE6 /* Model */,
				E7F9BB34208A7605000170BE /* Controllers */,
				E7EBBF55207A4DA2007F7808 /* Info.plist */,
			);
			path = "Alias 18";
			sourceTree = "<group>";
		};
		E7F9BB34208A7605000170BE /* Controllers */ = {
			isa = PBXGroup;
			children = (
				E7EBBF49207A4DA2007F7808 /* AppDelegate.swift */,
				E7EBBF5B207BEA75007F7808 /* ChooseViewController.swift */,
				E7FB0E252094DDF400B3CBE6 /* SettingsVC.swift */,
				E7EBBF4B207A4DA2007F7808 /* ViewController.swift */,
				E7F9BB30208A6EF5000170BE /* BeginingVC.swift */,
				E7F9BB32208A75F7000170BE /* PlayVC.swift */,
				E7F9BB35208A82DD000170BE /* LastWordVC.swift */,
				E7F9BB37208A854A000170BE /* EndOfRoundVC.swift */,
				E7F9BB39208A85DA000170BE /* EndOfGameVC.swift */,
				E7F9BB3B208BE8DD000170BE /* WordTableVC.swift */,
			);
			path = Controllers;
			sourceTree = "<group>";
		};
		E7FB0E272095FBEB00B3CBE6 /* Model */ = {
			isa = PBXGroup;
			children = (
				E7EBBF5D207BF090007F7808 /* Team.swift */,
				E7FB0E342097682900B3CBE6 /* Sound.swift */,
				E7FB0E292096358D00B3CBE6 /* WordsThemes.swift */,
				E7FB0E2B209756AE00B3CBE6 /* Settings.swift */,
				E7FB0E3A2098EC1700B3CBE6 /* Word.swift */,
			);
			path = Model;
			sourceTree = "<group>";
		};
		E7FB0E282095FC0F00B3CBE6 /* View */ = {
			isa = PBXGroup;
			children = (
				E7EBBF4D207A4DA2007F7808 /* Main.storyboard */,
			);
			path = View;
			sourceTree = "<group>";
		};
		E7FB0E2D20975DD500B3CBE6 /* Supporting Files */ = {
			isa = PBXGroup;
			children = (
				E7FB0E382097B68300B3CBE6 /* confirm.wav */,
				E7FB0E362097B11400B3CBE6 /* deny.wav */,
				E7FB0E2E209767BC00B3CBE6 /* no.wav */,
				E7FB0E30209767BC00B3CBE6 /* switch.wav */,
				E7FB0E2F209767BC00B3CBE6 /* yes.wav */,
				E7EBBF52207A4DA2007F7808 /* LaunchScreen.storyboard */,
				E7EBBF50207A4DA2007F7808 /* Assets.xcassets */,
			);
			path = "Supporting Files";
			sourceTree = "<group>";
		};
/* End PBXGroup section */

/* Begin PBXNativeTarget section */
		E7EBBF45207A4DA2007F7808 /* Alias 18 */ = {
			isa = PBXNativeTarget;
			buildConfigurationList = E7EBBF58207A4DA2007F7808 /* Build configuration list for PBXNativeTarget "Alias 18" */;
			buildPhases = (
				E7EBBF42207A4DA2007F7808 /* Sources */,
				E7EBBF43207A4DA2007F7808 /* Frameworks */,
				E7EBBF44207A4DA2007F7808 /* Resources */,
			);
			buildRules = (
			);
			dependencies = (
			);
			name = "Alias 18";
			productName = "Alias 18";
			productReference = E7EBBF46207A4DA2007F7808 /* Alias 18.app */;
			productType = "com.apple.product-type.application";
		};
/* End PBXNativeTarget section */

/* Begin PBXProject section */
		E7EBBF3E207A4DA2007F7808 /* Project object */ = {
			isa = PBXProject;
			attributes = {
				LastSwiftUpdateCheck = 0920;
				LastUpgradeCheck = 0920;
				ORGANIZATIONNAME = "Alexey Galkin";
				TargetAttributes = {
					E7EBBF45207A4DA2007F7808 = {
						CreatedOnToolsVersion = 9.2;
						ProvisioningStyle = Automatic;
					};
				};
			};
			buildConfigurationList = E7EBBF41207A4DA2007F7808 /* Build configuration list for PBXProject "Alias 18" */;
			compatibilityVersion = "Xcode 8.0";
			developmentRegion = en;
			hasScannedForEncodings = 0;
			knownRegions = (
				en,
				Base,
			);
			mainGroup = E7EBBF3D207A4DA2007F7808;
			productRefGroup = E7EBBF47207A4DA2007F7808 /* Products */;
			projectDirPath = "";
			projectRoot = "";
			targets = (
				E7EBBF45207A4DA2007F7808 /* Alias 18 */,
			);
		};
/* End PBXProject section */

/* Begin PBXResourcesBuildPhase section */
		E7EBBF44207A4DA2007F7808 /* Resources */ = {
			isa = PBXResourcesBuildPhase;
			buildActionMask = 2147483647;
			files = (
				E7EBBF54207A4DA2007F7808 /* LaunchScreen.storyboard in Resources */,
				E7EBBF51207A4DA2007F7808 /* Assets.xcassets in Resources */,
				E7FB0E372097B11400B3CBE6 /* deny.wav in Resources */,
				E7EBBF4F207A4DA2007F7808 /* Main.storyboard in Resources */,
				E7FB0E32209767BC00B3CBE6 /* yes.wav in Resources */,
				E7FB0E392097B68300B3CBE6 /* confirm.wav in Resources */,
				E7FB0E33209767BC00B3CBE6 /* switch.wav in Resources */,
				E7FB0E31209767BC00B3CBE6 /* no.wav in Resources */,
			);
			runOnlyForDeploymentPostprocessing = 0;
		};
/* End PBXResourcesBuildPhase section */

/* Begin PBXSourcesBuildPhase section */
		E7EBBF42207A4DA2007F7808 /* Sources */ = {
			isa = PBXSourcesBuildPhase;
			buildActionMask = 2147483647;
			files = (
				E7FB0E262094DDF400B3CBE6 /* SettingsVC.swift in Sources */,
				E7FB0E2A2096358D00B3CBE6 /* WordsThemes.swift in Sources */,
				E7FB0E3B2098EC1700B3CBE6 /* Word.swift in Sources */,
				E7FB0E2C209756AE00B3CBE6 /* Settings.swift in Sources */,
				E7EBBF5E207BF090007F7808 /* Team.swift in Sources */,
				E7EBBF4C207A4DA2007F7808 /* ViewController.swift in Sources */,
				E7F9BB38208A854A000170BE /* EndOfRoundVC.swift in Sources */,
				E7F9BB3C208BE8DD000170BE /* WordTableVC.swift in Sources */,
				E7FB0E352097682900B3CBE6 /* Sound.swift in Sources */,
				E7F9BB33208A75F7000170BE /* PlayVC.swift in Sources */,
				E7EBBF4A207A4DA2007F7808 /* AppDelegate.swift in Sources */,
				E7F9BB3A208A85DA000170BE /* EndOfGameVC.swift in Sources */,
				E7EBBF5C207BEA75007F7808 /* ChooseViewController.swift in Sources */,
				E7F9BB36208A82DD000170BE /* LastWordVC.swift in Sources */,
				E7F9BB31208A6EF5000170BE /* BeginingVC.swift in Sources */,
			);
			runOnlyForDeploymentPostprocessing = 0;
		};
/* End PBXSourcesBuildPhase section */

/* Begin PBXVariantGroup section */
		E7EBBF4D207A4DA2007F7808 /* Main.storyboard */ = {
			isa = PBXVariantGroup;
			children = (
				E7EBBF4E207A4DA2007F7808 /* Base */,
			);
			name = Main.storyboard;
			sourceTree = "<group>";
		};
		E7EBBF52207A4DA2007F7808 /* LaunchScreen.storyboard */ = {
			isa = PBXVariantGroup;
			children = (
				E7EBBF53207A4DA2007F7808 /* Base */,
			);
			name = LaunchScreen.storyboard;
			sourceTree = "<group>";
		};
/* End PBXVariantGroup section */

/* Begin XCBuildConfiguration section */
		E7EBBF56207A4DA2007F7808 /* Debug */ = {
			isa = XCBuildConfiguration;
			buildSettings = {
				ALWAYS_SEARCH_USER_PATHS = NO;
				CLANG_ANALYZER_NONNULL = YES;
				CLANG_ANALYZER_NUMBER_OBJECT_CONVERSION = YES_AGGRESSIVE;
				CLANG_CXX_LANGUAGE_STANDARD = "gnu++14";
				CLANG_CXX_LIBRARY = "libc++";
				CLANG_ENABLE_MODULES = YES;
				CLANG_ENABLE_OBJC_ARC = YES;
				CLANG_WARN_BLOCK_CAPTURE_AUTORELEASING = YES;
				CLANG_WARN_BOOL_CONVERSION = YES;
				CLANG_WARN_COMMA = YES;
				CLANG_WARN_CONSTANT_CONVERSION = YES;
				CLANG_WARN_DIRECT_OBJC_ISA_USAGE = YES_ERROR;
				CLANG_WARN_DOCUMENTATION_COMMENTS = YES;
				CLANG_WARN_EMPTY_BODY = YES;
				CLANG_WARN_ENUM_CONVERSION = YES;
				CLANG_WARN_INFINITE_RECURSION = YES;
				CLANG_WARN_INT_CONVERSION = YES;
				CLANG_WARN_NON_LITERAL_NULL_CONVERSION = YES;
				CLANG_WARN_OBJC_LITERAL_CONVERSION = YES;
				CLANG_WARN_OBJC_ROOT_CLASS = YES_ERROR;
				CLANG_WARN_RANGE_LOOP_ANALYSIS = YES;
				CLANG_WARN_STRICT_PROTOTYPES = YES;
				CLANG_WARN_SUSPICIOUS_MOVE = YES;
				CLANG_WARN_UNGUARDED_AVAILABILITY = YES_AGGRESSIVE;
				CLANG_WARN_UNREACHABLE_CODE = YES;
				CLANG_WARN__DUPLICATE_METHOD_MATCH = YES;
				CODE_SIGN_IDENTITY = "iPhone Developer";
				COPY_PHASE_STRIP = NO;
				DEBUG_INFORMATION_FORMAT = dwarf;
				ENABLE_STRICT_OBJC_MSGSEND = YES;
				ENABLE_TESTABILITY = YES;
				GCC_C_LANGUAGE_STANDARD = gnu11;
				GCC_DYNAMIC_NO_PIC = NO;
				GCC_NO_COMMON_BLOCKS = YES;
				GCC_OPTIMIZATION_LEVEL = 0;
				GCC_PREPROCESSOR_DEFINITIONS = (
					"DEBUG=1",
					"$(inherited)",
				);
				GCC_WARN_64_TO_32_BIT_CONVERSION = YES;
				GCC_WARN_ABOUT_RETURN_TYPE = YES_ERROR;
				GCC_WARN_UNDECLARED_SELECTOR = YES;
				GCC_WARN_UNINITIALIZED_AUTOS = YES_AGGRESSIVE;
				GCC_WARN_UNUSED_FUNCTION = YES;
				GCC_WARN_UNUSED_VARIABLE = YES;
				IPHONEOS_DEPLOYMENT_TARGET = 11.2;
				MTL_ENABLE_DEBUG_INFO = YES;
				ONLY_ACTIVE_ARCH = YES;
				SDKROOT = iphoneos;
				SWIFT_ACTIVE_COMPILATION_CONDITIONS = DEBUG;
				SWIFT_OPTIMIZATION_LEVEL = "-Onone";
			};
			name = Debug;
		};
		E7EBBF57207A4DA2007F7808 /* Release */ = {
			isa = XCBuildConfiguration;
			buildSettings = {
				ALWAYS_SEARCH_USER_PATHS = NO;
				CLANG_ANALYZER_NONNULL = YES;
				CLANG_ANALYZER_NUMBER_OBJECT_CONVERSION = YES_AGGRESSIVE;
				CLANG_CXX_LANGUAGE_STANDARD = "gnu++14";
				CLANG_CXX_LIBRARY = "libc++";
				CLANG_ENABLE_MODULES = YES;
				CLANG_ENABLE_OBJC_ARC = YES;
				CLANG_WARN_BLOCK_CAPTURE_AUTORELEASING = YES;
				CLANG_WARN_BOOL_CONVERSION = YES;
				CLANG_WARN_COMMA = YES;
				CLANG_WARN_CONSTANT_CONVERSION = YES;
				CLANG_WARN_DIRECT_OBJC_ISA_USAGE = YES_ERROR;
				CLANG_WARN_DOCUMENTATION_COMMENTS = YES;
				CLANG_WARN_EMPTY_BODY = YES;
				CLANG_WARN_ENUM_CONVERSION = YES;
				CLANG_WARN_INFINITE_RECURSION = YES;
				CLANG_WARN_INT_CONVERSION = YES;
				CLANG_WARN_NON_LITERAL_NULL_CONVERSION = YES;
				CLANG_WARN_OBJC_LITERAL_CONVERSION = YES;
				CLANG_WARN_OBJC_ROOT_CLASS = YES_ERROR;
				CLANG_WARN_RANGE_LOOP_ANALYSIS = YES;
				CLANG_WARN_STRICT_PROTOTYPES = YES;
				CLANG_WARN_SUSPICIOUS_MOVE = YES;
				CLANG_WARN_UNGUARDED_AVAILABILITY = YES_AGGRESSIVE;
				CLANG_WARN_UNREACHABLE_CODE = YES;
				CLANG_WARN__DUPLICATE_METHOD_MATCH = YES;
				CODE_SIGN_IDENTITY = "iPhone Developer";
				COPY_PHASE_STRIP = NO;
				DEBUG_INFORMATION_FORMAT = "dwarf-with-dsym";
				ENABLE_NS_ASSERTIONS = NO;
				ENABLE_STRICT_OBJC_MSGSEND = YES;
				GCC_C_LANGUAGE_STANDARD = gnu11;
				GCC_NO_COMMON_BLOCKS = YES;
				GCC_WARN_64_TO_32_BIT_CONVERSION = YES;
				GCC_WARN_ABOUT_RETURN_TYPE = YES_ERROR;
				GCC_WARN_UNDECLARED_SELECTOR = YES;
				GCC_WARN_UNINITIALIZED_AUTOS = YES_AGGRESSIVE;
				GCC_WARN_UNUSED_FUNCTION = YES;
				GCC_WARN_UNUSED_VARIABLE = YES;
				IPHONEOS_DEPLOYMENT_TARGET = 11.2;
				MTL_ENABLE_DEBUG_INFO = NO;
				SDKROOT = iphoneos;
				SWIFT_OPTIMIZATION_LEVEL = "-Owholemodule";
				VALIDATE_PRODUCT = YES;
			};
			name = Release;
		};
		E7EBBF59207A4DA2007F7808 /* Debug */ = {
			isa = XCBuildConfiguration;
			buildSettings = {
				ASSETCATALOG_COMPILER_APPICON_NAME = AppIcon;
				CODE_SIGN_STYLE = Automatic;
				DEVELOPMENT_TEAM = XKRW5B95A2;
				INFOPLIST_FILE = "Alias 18/Info.plist";
				LD_RUNPATH_SEARCH_PATHS = "$(inherited) @executable_path/Frameworks";
				PRODUCT_BUNDLE_IDENTIFIER = "com.galkin.Alias-18";
				PRODUCT_NAME = "$(TARGET_NAME)";
				SWIFT_VERSION = 4.0;
				TARGETED_DEVICE_FAMILY = "1,2";
			};
			name = Debug;
		};
		E7EBBF5A207A4DA2007F7808 /* Release */ = {
			isa = XCBuildConfiguration;
			buildSettings = {
				ASSETCATALOG_COMPILER_APPICON_NAME = AppIcon;
				CODE_SIGN_STYLE = Automatic;
				DEVELOPMENT_TEAM = XKRW5B95A2;
				INFOPLIST_FILE = "Alias 18/Info.plist";
				LD_RUNPATH_SEARCH_PATHS = "$(inherited) @executable_path/Frameworks";
				PRODUCT_BUNDLE_IDENTIFIER = "com.galkin.Alias-18";
				PRODUCT_NAME = "$(TARGET_NAME)";
				SWIFT_VERSION = 4.0;
				TARGETED_DEVICE_FAMILY = "1,2";
			};
			name = Release;
		};
/* End XCBuildConfiguration section */

/* Begin XCConfigurationList section */
		E7EBBF41207A4DA2007F7808 /* Build configuration list for PBXProject "Alias 18" */ = {
			isa = XCConfigurationList;
			buildConfigurations = (
				E7EBBF56207A4DA2007F7808 /* Debug */,
				E7EBBF57207A4DA2007F7808 /* Release */,
			);
			defaultConfigurationIsVisible = 0;
			defaultConfigurationName = Release;
		};
		E7EBBF58207A4DA2007F7808 /* Build configuration list for PBXNativeTarget "Alias 18" */ = {
			isa = XCConfigurationList;
			buildConfigurations = (
				E7EBBF59207A4DA2007F7808 /* Debug */,
				E7EBBF5A207A4DA2007F7808 /* Release */,
			);
			defaultConfigurationIsVisible = 0;
			defaultConfigurationName = Release;
		};
/* End XCConfigurationList section */
	};
	rootObject = E7EBBF3E207A4DA2007F7808 /* Project object */;
}
